// !$*UTF8*$!
{
	archiveVersion = 1;
	classes = {
	};
	objectVersion = 56;
	objects = {

/* Begin PBXBuildFile section */
		F529716C2AE4E07400D5ED03 /* ReminderViewController.swift in Sources */ = {isa = PBXBuildFile; fileRef = F529716B2AE4E07400D5ED03 /* ReminderViewController.swift */; };
		F529716F2AE56E5900D5ED03 /* ReminderViewController+Row.swift in Sources */ = {isa = PBXBuildFile; fileRef = F529716E2AE56E5900D5ED03 /* ReminderViewController+Row.swift */; };
		F549A9E12AE3F5E400A83DEC /* ReminderDoneButton.swift in Sources */ = {isa = PBXBuildFile; fileRef = F549A9E02AE3F5E400A83DEC /* ReminderDoneButton.swift */; };
		F549A9E32AE3F89400A83DEC /* ReminderListViewController+Actions.swift in Sources */ = {isa = PBXBuildFile; fileRef = F549A9E22AE3F89400A83DEC /* ReminderListViewController+Actions.swift */; };
		F56F50E82AE121DE00F74495 /* Date+Today.swift in Sources */ = {isa = PBXBuildFile; fileRef = F56F50E72AE121DE00F74495 /* Date+Today.swift */; };
		F56F50EB2AE1A9B700F74495 /* ReminderListViewController+DataSource.swift in Sources */ = {isa = PBXBuildFile; fileRef = F56F50EA2AE1A9B700F74495 /* ReminderListViewController+DataSource.swift */; };
		F56F50F12AE1FDCA00F74495 /* UIColor+Today.swift in Sources */ = {isa = PBXBuildFile; fileRef = F56F50F02AE1FDCA00F74495 /* UIColor+Today.swift */; };
		F5F4A77A2ADE85C6002EAA7F /* AppDelegate.swift in Sources */ = {isa = PBXBuildFile; fileRef = F5F4A7792ADE85C6002EAA7F /* AppDelegate.swift */; };
		F5F4A77C2ADE85C6002EAA7F /* SceneDelegate.swift in Sources */ = {isa = PBXBuildFile; fileRef = F5F4A77B2ADE85C6002EAA7F /* SceneDelegate.swift */; };
		F5F4A77E2ADE85C6002EAA7F /* ReminderListViewController.swift in Sources */ = {isa = PBXBuildFile; fileRef = F5F4A77D2ADE85C6002EAA7F /* ReminderListViewController.swift */; };
		F5F4A7812ADE85C7002EAA7F /* Main.storyboard in Resources */ = {isa = PBXBuildFile; fileRef = F5F4A77F2ADE85C7002EAA7F /* Main.storyboard */; };
		F5F4A7832ADE85C9002EAA7F /* Assets.xcassets in Resources */ = {isa = PBXBuildFile; fileRef = F5F4A7822ADE85C9002EAA7F /* Assets.xcassets */; };
		F5F4A7862ADE85C9002EAA7F /* LaunchScreen.storyboard in Resources */ = {isa = PBXBuildFile; fileRef = F5F4A7842ADE85C9002EAA7F /* LaunchScreen.storyboard */; };
		F5F4A78F2ADE8762002EAA7F /* Reminder.swift in Sources */ = {isa = PBXBuildFile; fileRef = F5F4A78E2ADE8762002EAA7F /* Reminder.swift */; };
/* End PBXBuildFile section */

/* Begin PBXFileReference section */
		F529716B2AE4E07400D5ED03 /* ReminderViewController.swift */ = {isa = PBXFileReference; lastKnownFileType = sourcecode.swift; path = ReminderViewController.swift; sourceTree = "<group>"; };
		F529716E2AE56E5900D5ED03 /* ReminderViewController+Row.swift */ = {isa = PBXFileReference; lastKnownFileType = sourcecode.swift; path = "ReminderViewController+Row.swift"; sourceTree = "<group>"; };
		F549A9E02AE3F5E400A83DEC /* ReminderDoneButton.swift */ = {isa = PBXFileReference; lastKnownFileType = sourcecode.swift; path = ReminderDoneButton.swift; sourceTree = "<group>"; };
		F549A9E22AE3F89400A83DEC /* ReminderListViewController+Actions.swift */ = {isa = PBXFileReference; lastKnownFileType = sourcecode.swift; path = "ReminderListViewController+Actions.swift"; sourceTree = "<group>"; };
		F56F50E72AE121DE00F74495 /* Date+Today.swift */ = {isa = PBXFileReference; lastKnownFileType = sourcecode.swift; path = "Date+Today.swift"; sourceTree = "<group>"; };
		F56F50EA2AE1A9B700F74495 /* ReminderListViewController+DataSource.swift */ = {isa = PBXFileReference; lastKnownFileType = sourcecode.swift; path = "ReminderListViewController+DataSource.swift"; sourceTree = "<group>"; };
		F56F50F02AE1FDCA00F74495 /* UIColor+Today.swift */ = {isa = PBXFileReference; lastKnownFileType = sourcecode.swift; path = "UIColor+Today.swift"; sourceTree = "<group>"; };
		F5F4A7762ADE85C6002EAA7F /* Today.app */ = {isa = PBXFileReference; explicitFileType = wrapper.application; includeInIndex = 0; path = Today.app; sourceTree = BUILT_PRODUCTS_DIR; };
		F5F4A7792ADE85C6002EAA7F /* AppDelegate.swift */ = {isa = PBXFileReference; lastKnownFileType = sourcecode.swift; path = AppDelegate.swift; sourceTree = "<group>"; };
		F5F4A77B2ADE85C6002EAA7F /* SceneDelegate.swift */ = {isa = PBXFileReference; lastKnownFileType = sourcecode.swift; path = SceneDelegate.swift; sourceTree = "<group>"; };
		F5F4A77D2ADE85C6002EAA7F /* ReminderListViewController.swift */ = {isa = PBXFileReference; lastKnownFileType = sourcecode.swift; path = ReminderListViewController.swift; sourceTree = "<group>"; };
		F5F4A7802ADE85C7002EAA7F /* Base */ = {isa = PBXFileReference; lastKnownFileType = file.storyboard; name = Base; path = Base.lproj/Main.storyboard; sourceTree = "<group>"; };
		F5F4A7822ADE85C9002EAA7F /* Assets.xcassets */ = {isa = PBXFileReference; lastKnownFileType = folder.assetcatalog; path = Assets.xcassets; sourceTree = "<group>"; };
		F5F4A7852ADE85C9002EAA7F /* Base */ = {isa = PBXFileReference; lastKnownFileType = file.storyboard; name = Base; path = Base.lproj/LaunchScreen.storyboard; sourceTree = "<group>"; };
		F5F4A7872ADE85C9002EAA7F /* Info.plist */ = {isa = PBXFileReference; lastKnownFileType = text.plist.xml; path = Info.plist; sourceTree = "<group>"; };
		F5F4A78E2ADE8762002EAA7F /* Reminder.swift */ = {isa = PBXFileReference; lastKnownFileType = sourcecode.swift; path = Reminder.swift; sourceTree = "<group>"; };
/* End PBXFileReference section */

/* Begin PBXFrameworksBuildPhase section */
		F5F4A7732ADE85C6002EAA7F /* Frameworks */ = {
			isa = PBXFrameworksBuildPhase;
			buildActionMask = 2147483647;
			files = (
			);
			runOnlyForDeploymentPostprocessing = 0;
		};
/* End PBXFrameworksBuildPhase section */

/* Begin PBXGroup section */
		F529716D2AE56DDD00D5ED03 /* DetailViewController */ = {
			isa = PBXGroup;
			children = (
				F529716B2AE4E07400D5ED03 /* ReminderViewController.swift */,
				F529716E2AE56E5900D5ED03 /* ReminderViewController+Row.swift */,
			);
			path = DetailViewController;
			sourceTree = "<group>";
		};
		F56F50E92AE1A8D300F74495 /* ListViewController */ = {
			isa = PBXGroup;
			children = (
				F5F4A77D2ADE85C6002EAA7F /* ReminderListViewController.swift */,
				F56F50EA2AE1A9B700F74495 /* ReminderListViewController+DataSource.swift */,
				F549A9E22AE3F89400A83DEC /* ReminderListViewController+Actions.swift */,
				F549A9E02AE3F5E400A83DEC /* ReminderDoneButton.swift */,
			);
			path = ListViewController;
			sourceTree = "<group>";
		};
		F5F4A76D2ADE85C6002EAA7F = {
			isa = PBXGroup;
			children = (
				F5F4A7782ADE85C6002EAA7F /* Today */,
				F5F4A7772ADE85C6002EAA7F /* Products */,
			);
			sourceTree = "<group>";
		};
		F5F4A7772ADE85C6002EAA7F /* Products */ = {
			isa = PBXGroup;
			children = (
				F5F4A7762ADE85C6002EAA7F /* Today.app */,
			);
			name = Products;
			sourceTree = "<group>";
		};
		F5F4A7782ADE85C6002EAA7F /* Today */ = {
			isa = PBXGroup;
			children = (
				F5F4A7792ADE85C6002EAA7F /* AppDelegate.swift */,
				F5F4A77B2ADE85C6002EAA7F /* SceneDelegate.swift */,
				F5F4A78D2ADE8749002EAA7F /* Models */,
				F56F50E92AE1A8D300F74495 /* ListViewController */,
				F529716D2AE56DDD00D5ED03 /* DetailViewController */,
				F5F4A7822ADE85C9002EAA7F /* Assets.xcassets */,
				F5F4A77F2ADE85C7002EAA7F /* Main.storyboard */,
				F5F4A7842ADE85C9002EAA7F /* LaunchScreen.storyboard */,
				F5F4A7872ADE85C9002EAA7F /* Info.plist */,
			);
			path = Today;
			sourceTree = "<group>";
		};
		F5F4A78D2ADE8749002EAA7F /* Models */ = {
			isa = PBXGroup;
			children = (
				F5F4A78E2ADE8762002EAA7F /* Reminder.swift */,
				F56F50E72AE121DE00F74495 /* Date+Today.swift */,
				F56F50F02AE1FDCA00F74495 /* UIColor+Today.swift */,
			);
			path = Models;
			sourceTree = "<group>";
		};
/* End PBXGroup section */

/* Begin PBXNativeTarget section */
		F5F4A7752ADE85C6002EAA7F /* Today */ = {
			isa = PBXNativeTarget;
			buildConfigurationList = F5F4A78A2ADE85C9002EAA7F /* Build configuration list for PBXNativeTarget "Today" */;
			buildPhases = (
				F5F4A7722ADE85C6002EAA7F /* Sources */,
				F5F4A7732ADE85C6002EAA7F /* Frameworks */,
				F5F4A7742ADE85C6002EAA7F /* Resources */,
			);
			buildRules = (
			);
			dependencies = (
			);
			name = Today;
			productName = Today;
			productReference = F5F4A7762ADE85C6002EAA7F /* Today.app */;
			productType = "com.apple.product-type.application";
		};
/* End PBXNativeTarget section */

/* Begin PBXProject section */
		F5F4A76E2ADE85C6002EAA7F /* Project object */ = {
			isa = PBXProject;
			attributes = {
				BuildIndependentTargetsInParallel = 1;
				LastSwiftUpdateCheck = 1500;
				LastUpgradeCheck = 1500;
				TargetAttributes = {
					F5F4A7752ADE85C6002EAA7F = {
						CreatedOnToolsVersion = 15.0;
					};
				};
			};
			buildConfigurationList = F5F4A7712ADE85C6002EAA7F /* Build configuration list for PBXProject "Today" */;
			compatibilityVersion = "Xcode 14.0";
			developmentRegion = en;
			hasScannedForEncodings = 0;
			knownRegions = (
				en,
				Base,
			);
			mainGroup = F5F4A76D2ADE85C6002EAA7F;
			productRefGroup = F5F4A7772ADE85C6002EAA7F /* Products */;
			projectDirPath = "";
			projectRoot = "";
			targets = (
				F5F4A7752ADE85C6002EAA7F /* Today */,
			);
		};
/* End PBXProject section */

/* Begin PBXResourcesBuildPhase section */
		F5F4A7742ADE85C6002EAA7F /* Resources */ = {
			isa = PBXResourcesBuildPhase;
			buildActionMask = 2147483647;
			files = (
				F5F4A7862ADE85C9002EAA7F /* LaunchScreen.storyboard in Resources */,
				F5F4A7832ADE85C9002EAA7F /* Assets.xcassets in Resources */,
				F5F4A7812ADE85C7002EAA7F /* Main.storyboard in Resources */,
			);
			runOnlyForDeploymentPostprocessing = 0;
		};
/* End PBXResourcesBuildPhase section */

/* Begin PBXSourcesBuildPhase section */
		F5F4A7722ADE85C6002EAA7F /* Sources */ = {
			isa = PBXSourcesBuildPhase;
			buildActionMask = 2147483647;
			files = (
				F56F50F12AE1FDCA00F74495 /* UIColor+Today.swift in Sources */,
				F549A9E32AE3F89400A83DEC /* ReminderListViewController+Actions.swift in Sources */,
				F529716C2AE4E07400D5ED03 /* ReminderViewController.swift in Sources */,
				F5F4A77E2ADE85C6002EAA7F /* ReminderListViewController.swift in Sources */,
				F56F50E82AE121DE00F74495 /* Date+Today.swift in Sources */,
				F529716F2AE56E5900D5ED03 /* ReminderViewController+Row.swift in Sources */,
				F549A9E12AE3F5E400A83DEC /* ReminderDoneButton.swift in Sources */,
				F5F4A77A2ADE85C6002EAA7F /* AppDelegate.swift in Sources */,
				F5F4A77C2ADE85C6002EAA7F /* SceneDelegate.swift in Sources */,
				F5F4A78F2ADE8762002EAA7F /* Reminder.swift in Sources */,
				F56F50EB2AE1A9B700F74495 /* ReminderListViewController+DataSource.swift in Sources */,
			);
			runOnlyForDeploymentPostprocessing = 0;
		};
/* End PBXSourcesBuildPhase section */

/* Begin PBXVariantGroup section */
		F5F4A77F2ADE85C7002EAA7F /* Main.storyboard */ = {
			isa = PBXVariantGroup;
			children = (
				F5F4A7802ADE85C7002EAA7F /* Base */,
			);
			name = Main.storyboard;
			sourceTree = "<group>";
		};
		F5F4A7842ADE85C9002EAA7F /* LaunchScreen.storyboard */ = {
			isa = PBXVariantGroup;
			children = (
				F5F4A7852ADE85C9002EAA7F /* Base */,
			);
			name = LaunchScreen.storyboard;
			sourceTree = "<group>";
		};
/* End PBXVariantGroup section */

/* Begin XCBuildConfiguration section */
		F5F4A7882ADE85C9002EAA7F /* Debug */ = {
			isa = XCBuildConfiguration;
			buildSettings = {
				ALWAYS_SEARCH_USER_PATHS = NO;
				ASSETCATALOG_COMPILER_GENERATE_SWIFT_ASSET_SYMBOL_EXTENSIONS = YES;
				CLANG_ANALYZER_NONNULL = YES;
				CLANG_ANALYZER_NUMBER_OBJECT_CONVERSION = YES_AGGRESSIVE;
				CLANG_CXX_LANGUAGE_STANDARD = "gnu++20";
				CLANG_ENABLE_MODULES = YES;
				CLANG_ENABLE_OBJC_ARC = YES;
				CLANG_ENABLE_OBJC_WEAK = YES;
				CLANG_WARN_BLOCK_CAPTURE_AUTORELEASING = YES;
				CLANG_WARN_BOOL_CONVERSION = YES;
				CLANG_WARN_COMMA = YES;
				CLANG_WARN_CONSTANT_CONVERSION = YES;
				CLANG_WARN_DEPRECATED_OBJC_IMPLEMENTATIONS = YES;
				CLANG_WARN_DIRECT_OBJC_ISA_USAGE = YES_ERROR;
				CLANG_WARN_DOCUMENTATION_COMMENTS = YES;
				CLANG_WARN_EMPTY_BODY = YES;
				CLANG_WARN_ENUM_CONVERSION = YES;
				CLANG_WARN_INFINITE_RECURSION = YES;
				CLANG_WARN_INT_CONVERSION = YES;
				CLANG_WARN_NON_LITERAL_NULL_CONVERSION = YES;
				CLANG_WARN_OBJC_IMPLICIT_RETAIN_SELF = YES;
				CLANG_WARN_OBJC_LITERAL_CONVERSION = YES;
				CLANG_WARN_OBJC_ROOT_CLASS = YES_ERROR;
				CLANG_WARN_QUOTED_INCLUDE_IN_FRAMEWORK_HEADER = YES;
				CLANG_WARN_RANGE_LOOP_ANALYSIS = YES;
				CLANG_WARN_STRICT_PROTOTYPES = YES;
				CLANG_WARN_SUSPICIOUS_MOVE = YES;
				CLANG_WARN_UNGUARDED_AVAILABILITY = YES_AGGRESSIVE;
				CLANG_WARN_UNREACHABLE_CODE = YES;
				CLANG_WARN__DUPLICATE_METHOD_MATCH = YES;
				COPY_PHASE_STRIP = NO;
				DEBUG_INFORMATION_FORMAT = dwarf;
				ENABLE_STRICT_OBJC_MSGSEND = YES;
				ENABLE_TESTABILITY = YES;
				ENABLE_USER_SCRIPT_SANDBOXING = YES;
				GCC_C_LANGUAGE_STANDARD = gnu17;
				GCC_DYNAMIC_NO_PIC = NO;
				GCC_NO_COMMON_BLOCKS = YES;
				GCC_OPTIMIZATION_LEVEL = 0;
				GCC_PREPROCESSOR_DEFINITIONS = (
					"DEBUG=1",
					"$(inherited)",
				);
				GCC_WARN_64_TO_32_BIT_CONVERSION = YES;
				GCC_WARN_ABOUT_RETURN_TYPE = YES_ERROR;
				GCC_WARN_UNDECLARED_SELECTOR = YES;
				GCC_WARN_UNINITIALIZED_AUTOS = YES_AGGRESSIVE;
				GCC_WARN_UNUSED_FUNCTION = YES;
				GCC_WARN_UNUSED_VARIABLE = YES;
				IPHONEOS_DEPLOYMENT_TARGET = 17.0;
				LOCALIZATION_PREFERS_STRING_CATALOGS = YES;
				MTL_ENABLE_DEBUG_INFO = INCLUDE_SOURCE;
				MTL_FAST_MATH = YES;
				ONLY_ACTIVE_ARCH = YES;
				SDKROOT = iphoneos;
				SWIFT_ACTIVE_COMPILATION_CONDITIONS = "DEBUG $(inherited)";
				SWIFT_OPTIMIZATION_LEVEL = "-Onone";
			};
			name = Debug;
		};
		F5F4A7892ADE85C9002EAA7F /* Release */ = {
			isa = XCBuildConfiguration;
			buildSettings = {
				ALWAYS_SEARCH_USER_PATHS = NO;
				ASSETCATALOG_COMPILER_GENERATE_SWIFT_ASSET_SYMBOL_EXTENSIONS = YES;
				CLANG_ANALYZER_NONNULL = YES;
				CLANG_ANALYZER_NUMBER_OBJECT_CONVERSION = YES_AGGRESSIVE;
				CLANG_CXX_LANGUAGE_STANDARD = "gnu++20";
				CLANG_ENABLE_MODULES = YES;
				CLANG_ENABLE_OBJC_ARC = YES;
				CLANG_ENABLE_OBJC_WEAK = YES;
				CLANG_WARN_BLOCK_CAPTURE_AUTORELEASING = YES;
				CLANG_WARN_BOOL_CONVERSION = YES;
				CLANG_WARN_COMMA = YES;
				CLANG_WARN_CONSTANT_CONVERSION = YES;
				CLANG_WARN_DEPRECATED_OBJC_IMPLEMENTATIONS = YES;
				CLANG_WARN_DIRECT_OBJC_ISA_USAGE = YES_ERROR;
				CLANG_WARN_DOCUMENTATION_COMMENTS = YES;
				CLANG_WARN_EMPTY_BODY = YES;
				CLANG_WARN_ENUM_CONVERSION = YES;
				CLANG_WARN_INFINITE_RECURSION = YES;
				CLANG_WARN_INT_CONVERSION = YES;
				CLANG_WARN_NON_LITERAL_NULL_CONVERSION = YES;
				CLANG_WARN_OBJC_IMPLICIT_RETAIN_SELF = YES;
				CLANG_WARN_OBJC_LITERAL_CONVERSION = YES;
				CLANG_WARN_OBJC_ROOT_CLASS = YES_ERROR;
				CLANG_WARN_QUOTED_INCLUDE_IN_FRAMEWORK_HEADER = YES;
				CLANG_WARN_RANGE_LOOP_ANALYSIS = YES;
				CLANG_WARN_STRICT_PROTOTYPES = YES;
				CLANG_WARN_SUSPICIOUS_MOVE = YES;
				CLANG_WARN_UNGUARDED_AVAILABILITY = YES_AGGRESSIVE;
				CLANG_WARN_UNREACHABLE_CODE = YES;
				CLANG_WARN__DUPLICATE_METHOD_MATCH = YES;
				COPY_PHASE_STRIP = NO;
				DEBUG_INFORMATION_FORMAT = "dwarf-with-dsym";
				ENABLE_NS_ASSERTIONS = NO;
				ENABLE_STRICT_OBJC_MSGSEND = YES;
				ENABLE_USER_SCRIPT_SANDBOXING = YES;
				GCC_C_LANGUAGE_STANDARD = gnu17;
				GCC_NO_COMMON_BLOCKS = YES;
				GCC_WARN_64_TO_32_BIT_CONVERSION = YES;
				GCC_WARN_ABOUT_RETURN_TYPE = YES_ERROR;
				GCC_WARN_UNDECLARED_SELECTOR = YES;
				GCC_WARN_UNINITIALIZED_AUTOS = YES_AGGRESSIVE;
				GCC_WARN_UNUSED_FUNCTION = YES;
				GCC_WARN_UNUSED_VARIABLE = YES;
				IPHONEOS_DEPLOYMENT_TARGET = 17.0;
				LOCALIZATION_PREFERS_STRING_CATALOGS = YES;
				MTL_ENABLE_DEBUG_INFO = NO;
				MTL_FAST_MATH = YES;
				SDKROOT = iphoneos;
				SWIFT_COMPILATION_MODE = wholemodule;
				VALIDATE_PRODUCT = YES;
			};
			name = Release;
		};
		F5F4A78B2ADE85C9002EAA7F /* Debug */ = {
			isa = XCBuildConfiguration;
			buildSettings = {
				ASSETCATALOG_COMPILER_APPICON_NAME = AppIcon;
				ASSETCATALOG_COMPILER_GLOBAL_ACCENT_COLOR_NAME = AccentColor;
				CODE_SIGN_STYLE = Automatic;
				CURRENT_PROJECT_VERSION = 1;
				DEVELOPMENT_TEAM = 9B8CU8XHSY;
				GENERATE_INFOPLIST_FILE = YES;
				INFOPLIST_FILE = Today/Info.plist;
				INFOPLIST_KEY_UIApplicationSupportsIndirectInputEvents = YES;
				INFOPLIST_KEY_UILaunchStoryboardName = LaunchScreen;
				INFOPLIST_KEY_UIMainStoryboardFile = Main;
				INFOPLIST_KEY_UISupportedInterfaceOrientations_iPad = "UIInterfaceOrientationPortrait UIInterfaceOrientationPortraitUpsideDown UIInterfaceOrientationLandscapeLeft UIInterfaceOrientationLandscapeRight";
				INFOPLIST_KEY_UISupportedInterfaceOrientations_iPhone = "UIInterfaceOrientationPortrait UIInterfaceOrientationLandscapeLeft UIInterfaceOrientationLandscapeRight";
				IPHONEOS_DEPLOYMENT_TARGET = 16.0;
				LD_RUNPATH_SEARCH_PATHS = (
					"$(inherited)",
					"@executable_path/Frameworks",
				);
				MARKETING_VERSION = 1.0;
				PRODUCT_BUNDLE_IDENTIFIER = com.zeemoni.Today;
				PRODUCT_NAME = "$(TARGET_NAME)";
				SWIFT_EMIT_LOC_STRINGS = YES;
				SWIFT_VERSION = 5.0;
				TARGETED_DEVICE_FAMILY = "1,2";
			};
			name = Debug;
		};
		F5F4A78C2ADE85C9002EAA7F /* Release */ = {
			isa = XCBuildConfiguration;
			buildSettings = {
				ASSETCATALOG_COMPILER_APPICON_NAME = AppIcon;
				ASSETCATALOG_COMPILER_GLOBAL_ACCENT_COLOR_NAME = AccentColor;
				CODE_SIGN_STYLE = Automatic;
				CURRENT_PROJECT_VERSION = 1;
				DEVELOPMENT_TEAM = 9B8CU8XHSY;
				GENERATE_INFOPLIST_FILE = YES;
				INFOPLIST_FILE = Today/Info.plist;
				INFOPLIST_KEY_UIApplicationSupportsIndirectInputEvents = YES;
				INFOPLIST_KEY_UILaunchStoryboardName = LaunchScreen;
				INFOPLIST_KEY_UIMainStoryboardFile = Main;
				INFOPLIST_KEY_UISupportedInterfaceOrientations_iPad = "UIInterfaceOrientationPortrait UIInterfaceOrientationPortraitUpsideDown UIInterfaceOrientationLandscapeLeft UIInterfaceOrientationLandscapeRight";
				INFOPLIST_KEY_UISupportedInterfaceOrientations_iPhone = "UIInterfaceOrientationPortrait UIInterfaceOrientationLandscapeLeft UIInterfaceOrientationLandscapeRight";
				IPHONEOS_DEPLOYMENT_TARGET = 16.0;
				LD_RUNPATH_SEARCH_PATHS = (
					"$(inherited)",
					"@executable_path/Frameworks",
				);
				MARKETING_VERSION = 1.0;
				PRODUCT_BUNDLE_IDENTIFIER = com.zeemoni.Today;
				PRODUCT_NAME = "$(TARGET_NAME)";
				SWIFT_EMIT_LOC_STRINGS = YES;
				SWIFT_VERSION = 5.0;
				TARGETED_DEVICE_FAMILY = "1,2";
			};
			name = Release;
		};
/* End XCBuildConfiguration section */

/* Begin XCConfigurationList section */
		F5F4A7712ADE85C6002EAA7F /* Build configuration list for PBXProject "Today" */ = {
			isa = XCConfigurationList;
			buildConfigurations = (
				F5F4A7882ADE85C9002EAA7F /* Debug */,
				F5F4A7892ADE85C9002EAA7F /* Release */,
			);
			defaultConfigurationIsVisible = 0;
			defaultConfigurationName = Release;
		};
		F5F4A78A2ADE85C9002EAA7F /* Build configuration list for PBXNativeTarget "Today" */ = {
			isa = XCConfigurationList;
			buildConfigurations = (
				F5F4A78B2ADE85C9002EAA7F /* Debug */,
				F5F4A78C2ADE85C9002EAA7F /* Release */,
			);
			defaultConfigurationIsVisible = 0;
			defaultConfigurationName = Release;
		};
/* End XCConfigurationList section */
	};
	rootObject = F5F4A76E2ADE85C6002EAA7F /* Project object */;
}
